// !$*UTF8*$!
{
	archiveVersion = 1;
	classes = {
	};
	objectVersion = 50;
	objects = {

/* Begin PBXBuildFile section */
		12EA28D024F58BD800A90EED /* AppDelegate.swift in Sources */ = {isa = PBXBuildFile; fileRef = 12EA28CF24F58BD800A90EED /* AppDelegate.swift */; };
		12EA28D224F58BD800A90EED /* SceneDelegate.swift in Sources */ = {isa = PBXBuildFile; fileRef = 12EA28D124F58BD800A90EED /* SceneDelegate.swift */; };
		12EA28D424F58BD800A90EED /* ViewController.swift in Sources */ = {isa = PBXBuildFile; fileRef = 12EA28D324F58BD800A90EED /* ViewController.swift */; };
		12EA28D724F58BD800A90EED /* Main.storyboard in Resources */ = {isa = PBXBuildFile; fileRef = 12EA28D524F58BD800A90EED /* Main.storyboard */; };
		12EA28D924F58BD900A90EED /* Assets.xcassets in Resources */ = {isa = PBXBuildFile; fileRef = 12EA28D824F58BD900A90EED /* Assets.xcassets */; };
		12EA28DC24F58BD900A90EED /* LaunchScreen.storyboard in Resources */ = {isa = PBXBuildFile; fileRef = 12EA28DA24F58BD900A90EED /* LaunchScreen.storyboard */; };
		12EA28E424F58CE900A90EED /* Country.swift in Sources */ = {isa = PBXBuildFile; fileRef = 12EA28E324F58CE900A90EED /* Country.swift */; };
		12EA28E624F5ADD000A90EED /* DetailViewController.swift in Sources */ = {isa = PBXBuildFile; fileRef = 12EA28E524F5ADD000A90EED /* DetailViewController.swift */; };
/* End PBXBuildFile section */

/* Begin PBXFileReference section */
		12EA28CC24F58BD800A90EED /* Consolidation 6.app */ = {isa = PBXFileReference; explicitFileType = wrapper.application; includeInIndex = 0; path = "Consolidation 6.app"; sourceTree = BUILT_PRODUCTS_DIR; };
		12EA28CF24F58BD800A90EED /* AppDelegate.swift */ = {isa = PBXFileReference; lastKnownFileType = sourcecode.swift; path = AppDelegate.swift; sourceTree = "<group>"; };
		12EA28D124F58BD800A90EED /* SceneDelegate.swift */ = {isa = PBXFileReference; lastKnownFileType = sourcecode.swift; path = SceneDelegate.swift; sourceTree = "<group>"; };
		12EA28D324F58BD800A90EED /* ViewController.swift */ = {isa = PBXFileReference; lastKnownFileType = sourcecode.swift; path = ViewController.swift; sourceTree = "<group>"; };
		12EA28D624F58BD800A90EED /* Base */ = {isa = PBXFileReference; lastKnownFileType = file.storyboard; name = Base; path = Base.lproj/Main.storyboard; sourceTree = "<group>"; };
		12EA28D824F58BD900A90EED /* Assets.xcassets */ = {isa = PBXFileReference; lastKnownFileType = folder.assetcatalog; path = Assets.xcassets; sourceTree = "<group>"; };
		12EA28DB24F58BD900A90EED /* Base */ = {isa = PBXFileReference; lastKnownFileType = file.storyboard; name = Base; path = Base.lproj/LaunchScreen.storyboard; sourceTree = "<group>"; };
		12EA28DD24F58BD900A90EED /* Info.plist */ = {isa = PBXFileReference; lastKnownFileType = text.plist.xml; path = Info.plist; sourceTree = "<group>"; };
		12EA28E324F58CE900A90EED /* Country.swift */ = {isa = PBXFileReference; lastKnownFileType = sourcecode.swift; path = Country.swift; sourceTree = "<group>"; };
		12EA28E524F5ADD000A90EED /* DetailViewController.swift */ = {isa = PBXFileReference; lastKnownFileType = sourcecode.swift; path = DetailViewController.swift; sourceTree = "<group>"; };
/* End PBXFileReference section */

/* Begin PBXFrameworksBuildPhase section */
		12EA28C924F58BD800A90EED /* Frameworks */ = {
			isa = PBXFrameworksBuildPhase;
			buildActionMask = 2147483647;
			files = (
			);
			runOnlyForDeploymentPostprocessing = 0;
		};
/* End PBXFrameworksBuildPhase section */

/* Begin PBXGroup section */
		12EA28C324F58BD800A90EED = {
			isa = PBXGroup;
			children = (
				12EA28CE24F58BD800A90EED /* Consolidation 6 */,
				12EA28CD24F58BD800A90EED /* Products */,
			);
			sourceTree = "<group>";
		};
		12EA28CD24F58BD800A90EED /* Products */ = {
			isa = PBXGroup;
			children = (
				12EA28CC24F58BD800A90EED /* Consolidation 6.app */,
			);
			name = Products;
			sourceTree = "<group>";
		};
		12EA28CE24F58BD800A90EED /* Consolidation 6 */ = {
			isa = PBXGroup;
			children = (
				12EA28CF24F58BD800A90EED /* AppDelegate.swift */,
				12EA28D124F58BD800A90EED /* SceneDelegate.swift */,
				12EA28D324F58BD800A90EED /* ViewController.swift */,
				12EA28E524F5ADD000A90EED /* DetailViewController.swift */,
				12EA28E324F58CE900A90EED /* Country.swift */,
				12EA28D524F58BD800A90EED /* Main.storyboard */,
				12EA28D824F58BD900A90EED /* Assets.xcassets */,
				12EA28DA24F58BD900A90EED /* LaunchScreen.storyboard */,
				12EA28DD24F58BD900A90EED /* Info.plist */,
			);
			path = "Consolidation 6";
			sourceTree = "<group>";
		};
/* End PBXGroup section */

/* Begin PBXNativeTarget section */
		12EA28CB24F58BD800A90EED /* Consolidation 6 */ = {
			isa = PBXNativeTarget;
			buildConfigurationList = 12EA28E024F58BD900A90EED /* Build configuration list for PBXNativeTarget "Consolidation 6" */;
			buildPhases = (
				12EA28C824F58BD800A90EED /* Sources */,
				12EA28C924F58BD800A90EED /* Frameworks */,
				12EA28CA24F58BD800A90EED /* Resources */,
			);
			buildRules = (
			);
			dependencies = (
			);
			name = "Consolidation 6";
			productName = "Consolidation 6";
			productReference = 12EA28CC24F58BD800A90EED /* Consolidation 6.app */;
			productType = "com.apple.product-type.application";
		};
/* End PBXNativeTarget section */

/* Begin PBXProject section */
		12EA28C424F58BD800A90EED /* Project object */ = {
			isa = PBXProject;
			attributes = {
				LastSwiftUpdateCheck = 1130;
				LastUpgradeCheck = 1130;
				ORGANIZATIONNAME = "Vyacheslav Pronin";
				TargetAttributes = {
					12EA28CB24F58BD800A90EED = {
						CreatedOnToolsVersion = 11.3.1;
					};
				};
			};
			buildConfigurationList = 12EA28C724F58BD800A90EED /* Build configuration list for PBXProject "Consolidation 6" */;
			compatibilityVersion = "Xcode 9.3";
			developmentRegion = en;
			hasScannedForEncodings = 0;
			knownRegions = (
				en,
				Base,
			);
			mainGroup = 12EA28C324F58BD800A90EED;
			productRefGroup = 12EA28CD24F58BD800A90EED /* Products */;
			projectDirPath = "";
			projectRoot = "";
			targets = (
				12EA28CB24F58BD800A90EED /* Consolidation 6 */,
			);
		};
/* End PBXProject section */

/* Begin PBXResourcesBuildPhase section */
		12EA28CA24F58BD800A90EED /* Resources */ = {
			isa = PBXResourcesBuildPhase;
			buildActionMask = 2147483647;
			files = (
				12EA28DC24F58BD900A90EED /* LaunchScreen.storyboard in Resources */,
				12EA28D924F58BD900A90EED /* Assets.xcassets in Resources */,
				12EA28D724F58BD800A90EED /* Main.storyboard in Resources */,
			);
			runOnlyForDeploymentPostprocessing = 0;
		};
/* End PBXResourcesBuildPhase section */

/* Begin PBXSourcesBuildPhase section */
		12EA28C824F58BD800A90EED /* Sources */ = {
			isa = PBXSourcesBuildPhase;
			buildActionMask = 2147483647;
			files = (
				12EA28E424F58CE900A90EED /* Country.swift in Sources */,
				12EA28D424F58BD800A90EED /* ViewController.swift in Sources */,
				12EA28E624F5ADD000A90EED /* DetailViewController.swift in Sources */,
				12EA28D024F58BD800A90EED /* AppDelegate.swift in Sources */,
				12EA28D224F58BD800A90EED /* SceneDelegate.swift in Sources */,
			);
			runOnlyForDeploymentPostprocessing = 0;
		};
/* End PBXSourcesBuildPhase section */

/* Begin PBXVariantGroup section */
		12EA28D524F58BD800A90EED /* Main.storyboard */ = {
			isa = PBXVariantGroup;
			children = (
				12EA28D624F58BD800A90EED /* Base */,
			);
			name = Main.storyboard;
			sourceTree = "<group>";
		};
		12EA28DA24F58BD900A90EED /* LaunchScreen.storyboard */ = {
			isa = PBXVariantGroup;
			children = (
				12EA28DB24F58BD900A90EED /* Base */,
			);
			name = LaunchScreen.storyboard;
			sourceTree = "<group>";
		};
/* End PBXVariantGroup section */

/* Begin XCBuildConfiguration section */
		12EA28DE24F58BD900A90EED /* Debug */ = {
			isa = XCBuildConfiguration;
			buildSettings = {
				ALWAYS_SEARCH_USER_PATHS = NO;
				CLANG_ANALYZER_NONNULL = YES;
				CLANG_ANALYZER_NUMBER_OBJECT_CONVERSION = YES_AGGRESSIVE;
				CLANG_CXX_LANGUAGE_STANDARD = "gnu++14";
				CLANG_CXX_LIBRARY = "libc++";
				CLANG_ENABLE_MODULES = YES;
				CLANG_ENABLE_OBJC_ARC = YES;
				CLANG_ENABLE_OBJC_WEAK = YES;
				CLANG_WARN_BLOCK_CAPTURE_AUTORELEASING = YES;
				CLANG_WARN_BOOL_CONVERSION = YES;
				CLANG_WARN_COMMA = YES;
				CLANG_WARN_CONSTANT_CONVERSION = YES;
				CLANG_WARN_DEPRECATED_OBJC_IMPLEMENTATIONS = YES;
				CLANG_WARN_DIRECT_OBJC_ISA_USAGE = YES_ERROR;
				CLANG_WARN_DOCUMENTATION_COMMENTS = YES;
				CLANG_WARN_EMPTY_BODY = YES;
				CLANG_WARN_ENUM_CONVERSION = YES;
				CLANG_WARN_INFINITE_RECURSION = YES;
				CLANG_WARN_INT_CONVERSION = YES;
				CLANG_WARN_NON_LITERAL_NULL_CONVERSION = YES;
				CLANG_WARN_OBJC_IMPLICIT_RETAIN_SELF = YES;
				CLANG_WARN_OBJC_LITERAL_CONVERSION = YES;
				CLANG_WARN_OBJC_ROOT_CLASS = YES_ERROR;
				CLANG_WARN_RANGE_LOOP_ANALYSIS = YES;
				CLANG_WARN_STRICT_PROTOTYPES = YES;
				CLANG_WARN_SUSPICIOUS_MOVE = YES;
				CLANG_WARN_UNGUARDED_AVAILABILITY = YES_AGGRESSIVE;
				CLANG_WARN_UNREACHABLE_CODE = YES;
				CLANG_WARN__DUPLICATE_METHOD_MATCH = YES;
				COPY_PHASE_STRIP = NO;
				DEBUG_INFORMATION_FORMAT = dwarf;
				ENABLE_STRICT_OBJC_MSGSEND = YES;
				ENABLE_TESTABILITY = YES;
				GCC_C_LANGUAGE_STANDARD = gnu11;
				GCC_DYNAMIC_NO_PIC = NO;
				GCC_NO_COMMON_BLOCKS = YES;
				GCC_OPTIMIZATION_LEVEL = 0;
				GCC_PREPROCESSOR_DEFINITIONS = (
					"DEBUG=1",
					"$(inherited)",
				);
				GCC_WARN_64_TO_32_BIT_CONVERSION = YES;
				GCC_WARN_ABOUT_RETURN_TYPE = YES_ERROR;
				GCC_WARN_UNDECLARED_SELECTOR = YES;
				GCC_WARN_UNINITIALIZED_AUTOS = YES_AGGRESSIVE;
				GCC_WARN_UNUSED_FUNCTION = YES;
				GCC_WARN_UNUSED_VARIABLE = YES;
				IPHONEOS_DEPLOYMENT_TARGET = 13.2;
				MTL_ENABLE_DEBUG_INFO = INCLUDE_SOURCE;
				MTL_FAST_MATH = YES;
				ONLY_ACTIVE_ARCH = YES;
				SDKROOT = iphoneos;
				SWIFT_ACTIVE_COMPILATION_CONDITIONS = DEBUG;
				SWIFT_OPTIMIZATION_LEVEL = "-Onone";
			};
			name = Debug;
		};
		12EA28DF24F58BD900A90EED /* Release */ = {
			isa = XCBuildConfiguration;
			buildSettings = {
				ALWAYS_SEARCH_USER_PATHS = NO;
				CLANG_ANALYZER_NONNULL = YES;
				CLANG_ANALYZER_NUMBER_OBJECT_CONVERSION = YES_AGGRESSIVE;
				CLANG_CXX_LANGUAGE_STANDARD = "gnu++14";
				CLANG_CXX_LIBRARY = "libc++";
				CLANG_ENABLE_MODULES = YES;
				CLANG_ENABLE_OBJC_ARC = YES;
				CLANG_ENABLE_OBJC_WEAK = YES;
				CLANG_WARN_BLOCK_CAPTURE_AUTORELEASING = YES;
				CLANG_WARN_BOOL_CONVERSION = YES;
				CLANG_WARN_COMMA = YES;
				CLANG_WARN_CONSTANT_CONVERSION = YES;
				CLANG_WARN_DEPRECATED_OBJC_IMPLEMENTATIONS = YES;
				CLANG_WARN_DIRECT_OBJC_ISA_USAGE = YES_ERROR;
				CLANG_WARN_DOCUMENTATION_COMMENTS = YES;
				CLANG_WARN_EMPTY_BODY = YES;
				CLANG_WARN_ENUM_CONVERSION = YES;
				CLANG_WARN_INFINITE_RECURSION = YES;
				CLANG_WARN_INT_CONVERSION = YES;
				CLANG_WARN_NON_LITERAL_NULL_CONVERSION = YES;
				CLANG_WARN_OBJC_IMPLICIT_RETAIN_SELF = YES;
				CLANG_WARN_OBJC_LITERAL_CONVERSION = YES;
				CLANG_WARN_OBJC_ROOT_CLASS = YES_ERROR;
				CLANG_WARN_RANGE_LOOP_ANALYSIS = YES;
				CLANG_WARN_STRICT_PROTOTYPES = YES;
				CLANG_WARN_SUSPICIOUS_MOVE = YES;
				CLANG_WARN_UNGUARDED_AVAILABILITY = YES_AGGRESSIVE;
				CLANG_WARN_UNREACHABLE_CODE = YES;
				CLANG_WARN__DUPLICATE_METHOD_MATCH = YES;
				COPY_PHASE_STRIP = NO;
				DEBUG_INFORMATION_FORMAT = "dwarf-with-dsym";
				ENABLE_NS_ASSERTIONS = NO;
				ENABLE_STRICT_OBJC_MSGSEND = YES;
				GCC_C_LANGUAGE_STANDARD = gnu11;
				GCC_NO_COMMON_BLOCKS = YES;
				GCC_WARN_64_TO_32_BIT_CONVERSION = YES;
				GCC_WARN_ABOUT_RETURN_TYPE = YES_ERROR;
				GCC_WARN_UNDECLARED_SELECTOR = YES;
				GCC_WARN_UNINITIALIZED_AUTOS = YES_AGGRESSIVE;
				GCC_WARN_UNUSED_FUNCTION = YES;
				GCC_WARN_UNUSED_VARIABLE = YES;
				IPHONEOS_DEPLOYMENT_TARGET = 13.2;
				MTL_ENABLE_DEBUG_INFO = NO;
				MTL_FAST_MATH = YES;
				SDKROOT = iphoneos;
				SWIFT_COMPILATION_MODE = wholemodule;
				SWIFT_OPTIMIZATION_LEVEL = "-O";
				VALIDATE_PRODUCT = YES;
			};
			name = Release;
		};
		12EA28E124F58BD900A90EED /* Debug */ = {
			isa = XCBuildConfiguration;
			buildSettings = {
				ASSETCATALOG_COMPILER_APPICON_NAME = AppIcon;
				CODE_SIGN_STYLE = Automatic;
				DEVELOPMENT_TEAM = QZA5Q28CH8;
				INFOPLIST_FILE = "Consolidation 6/Info.plist";
				LD_RUNPATH_SEARCH_PATHS = (
					"$(inherited)",
					"@executable_path/Frameworks",
				);
				PRODUCT_BUNDLE_IDENTIFIER = "com.ProninVyacheslav.Consolidation-6";
				PRODUCT_NAME = "$(TARGET_NAME)";
				SWIFT_VERSION = 5.0;
				TARGETED_DEVICE_FAMILY = "1,2";
			};
			name = Debug;
		};
		12EA28E224F58BD900A90EED /* Release */ = {
			isa = XCBuildConfiguration;
			buildSettings = {
				ASSETCATALOG_COMPILER_APPICON_NAME = AppIcon;
				CODE_SIGN_STYLE = Automatic;
				DEVELOPMENT_TEAM = QZA5Q28CH8;
				INFOPLIST_FILE = "Consolidation 6/Info.plist";
				LD_RUNPATH_SEARCH_PATHS = (
					"$(inherited)",
					"@executable_path/Frameworks",
				);
				PRODUCT_BUNDLE_IDENTIFIER = "com.ProninVyacheslav.Consolidation-6";
				PRODUCT_NAME = "$(TARGET_NAME)";
				SWIFT_VERSION = 5.0;
				TARGETED_DEVICE_FAMILY = "1,2";
			};
			name = Release;
		};
/* End XCBuildConfiguration section */

/* Begin XCConfigurationList section */
		12EA28C724F58BD800A90EED /* Build configuration list for PBXProject "Consolidation 6" */ = {
			isa = XCConfigurationList;
			buildConfigurations = (
				12EA28DE24F58BD900A90EED /* Debug */,
				12EA28DF24F58BD900A90EED /* Release */,
			);
			defaultConfigurationIsVisible = 0;
			defaultConfigurationName = Release;
		};
		12EA28E024F58BD900A90EED /* Build configuration list for PBXNativeTarget "Consolidation 6" */ = {
			isa = XCConfigurationList;
			buildConfigurations = (
				12EA28E124F58BD900A90EED /* Debug */,
				12EA28E224F58BD900A90EED /* Release */,
			);
			defaultConfigurationIsVisible = 0;
			defaultConfigurationName = Release;
		};
/* End XCConfigurationList section */
	};
	rootObject = 12EA28C424F58BD800A90EED /* Project object */;
}
